
Microsoft Visual Studio Solution File, Format Version 12.00
# Visual Studio Version 17
VisualStudioVersion = 17.0.31919.166
MinimumVisualStudioVersion = 10.0.40219.1
Project("{FAE04EC0-301F-11D3-BF4B-00C04F79EFBC}") = "EpicalyxReviews", "GameReviewWebApp\EpicalyxReviews.csproj", "{3382E3BF-D5E8-4EAB-8B62-E29E7D7719D1}"
EndProject
Global
	GlobalSection(SolutionConfigurationPlatforms) = preSolution
		Debug|Any CPU = Debug|Any CPU
		Release|Any CPU = Release|Any CPU
	EndGlobalSection
	GlobalSection(ProjectConfigurationPlatforms) = postSolution
		{3382E3BF-D5E8-4EAB-8B62-E29E7D7719D1}.Debug|Any CPU.ActiveCfg = Debug|Any CPU
		{3382E3BF-D5E8-4EAB-8B62-E29E7D7719D1}.Debug|Any CPU.Build.0 = Debug|Any CPU
		{3382E3BF-D5E8-4EAB-8B62-E29E7D7719D1}.Release|Any CPU.ActiveCfg = Release|Any CPU
		{3382E3BF-D5E8-4EAB-8B62-E29E7D7719D1}.Release|Any CPU.Build.0 = Release|Any CPU
	EndGlobalSection
	GlobalSection(SolutionProperties) = preSolution
		HideSolutionNode = FALSE
	EndGlobalSection
	GlobalSection(ExtensibilityGlobals) = postSolution
		SolutionGuid = {DD652DC4-071C-427E-888E-4F58A056DEE4}
	EndGlobalSection
EndGlobal
